
Microsoft Visual Studio Solution File, Format Version 12.00
# Visual Studio Version 16
VisualStudioVersion = 16.0.30804.86
MinimumVisualStudioVersion = 10.0.40219.1
Project("{FAE04EC0-301F-11D3-BF4B-00C04F79EFBC}") = "AspNetCoreUpdaterForWindow", "AspNetCoreUpdaterForWindow.csproj", "{4FCD574D-434C-4224-B915-D6D65D35265A}"
EndProject
Project("{9A19103F-16F7-4668-BE54-9A1E7A4F7556}") = "AspNetCoreUpdaterForLinux", "AspNetCoreUpdaterForLinux.csproj", "{1660B8E2-FB5B-4F68-BDC5-4ADC02A34C00}"
EndProject
Global
	GlobalSection(SolutionConfigurationPlatforms) = preSolution
		Debug|Any CPU = Debug|Any CPU
		Release|Any CPU = Release|Any CPU
	EndGlobalSection
	GlobalSection(ProjectConfigurationPlatforms) = postSolution
		{4FCD574D-434C-4224-B915-D6D65D35265A}.Debug|Any CPU.ActiveCfg = Debug|Any CPU
		{4FCD574D-434C-4224-B915-D6D65D35265A}.Debug|Any CPU.Build.0 = Debug|Any CPU
		{4FCD574D-434C-4224-B915-D6D65D35265A}.Release|Any CPU.ActiveCfg = Release|Any CPU
		{4FCD574D-434C-4224-B915-D6D65D35265A}.Release|Any CPU.Build.0 = Release|Any CPU
		{1660B8E2-FB5B-4F68-BDC5-4ADC02A34C00}.Debug|Any CPU.ActiveCfg = Debug|Any CPU
		{1660B8E2-FB5B-4F68-BDC5-4ADC02A34C00}.Debug|Any CPU.Build.0 = Debug|Any CPU
		{1660B8E2-FB5B-4F68-BDC5-4ADC02A34C00}.Release|Any CPU.ActiveCfg = Release|Any CPU
		{1660B8E2-FB5B-4F68-BDC5-4ADC02A34C00}.Release|Any CPU.Build.0 = Release|Any CPU
	EndGlobalSection
	GlobalSection(SolutionProperties) = preSolution
		HideSolutionNode = FALSE
	EndGlobalSection
	GlobalSection(ExtensibilityGlobals) = postSolution
		SolutionGuid = {3044086E-EA5D-42AE-B061-8AEC9D9FAB25}
	EndGlobalSection
EndGlobal
